// !$*UTF8*$!
{
	archiveVersion = 1;
	classes = {
	};
	objectVersion = 46;
	objects = {

/* Begin PBXBuildFile section */
		3701BDE21D6D3B1400606A4F /* main.m in Sources */ = {isa = PBXBuildFile; fileRef = 3701BDE11D6D3B1400606A4F /* main.m */; };
		3701BDE51D6D3B1400606A4F /* AppDelegate.m in Sources */ = {isa = PBXBuildFile; fileRef = 3701BDE41D6D3B1400606A4F /* AppDelegate.m */; };
		3701BDE81D6D3B1400606A4F /* ViewController.m in Sources */ = {isa = PBXBuildFile; fileRef = 3701BDE71D6D3B1400606A4F /* ViewController.m */; };
		3701BDEB1D6D3B1400606A4F /* Main.storyboard in Resources */ = {isa = PBXBuildFile; fileRef = 3701BDE91D6D3B1400606A4F /* Main.storyboard */; };
		3701BDED1D6D3B1400606A4F /* Assets.xcassets in Resources */ = {isa = PBXBuildFile; fileRef = 3701BDEC1D6D3B1400606A4F /* Assets.xcassets */; };
		3701BDF01D6D3B1400606A4F /* LaunchScreen.storyboard in Resources */ = {isa = PBXBuildFile; fileRef = 3701BDEE1D6D3B1400606A4F /* LaunchScreen.storyboard */; };
		3701BDF91D6D3B3300606A4F /* YHKeyBoardView.m in Sources */ = {isa = PBXBuildFile; fileRef = 3701BDF81D6D3B3300606A4F /* YHKeyBoardView.m */; };
		95754C1216BAA37EDF90F98F /* libPods-YHKeyboard.a in Frameworks */ = {isa = PBXBuildFile; fileRef = 459C3273268C29146B801D1A /* libPods-YHKeyboard.a */; };
/* End PBXBuildFile section */

/* Begin PBXFileReference section */
		3701BDDD1D6D3B1400606A4F /* YHKeyboard.app */ = {isa = PBXFileReference; explicitFileType = wrapper.application; includeInIndex = 0; path = YHKeyboard.app; sourceTree = BUILT_PRODUCTS_DIR; };
		3701BDE11D6D3B1400606A4F /* main.m */ = {isa = PBXFileReference; lastKnownFileType = sourcecode.c.objc; path = main.m; sourceTree = "<group>"; };
		3701BDE31D6D3B1400606A4F /* AppDelegate.h */ = {isa = PBXFileReference; lastKnownFileType = sourcecode.c.h; path = AppDelegate.h; sourceTree = "<group>"; };
		3701BDE41D6D3B1400606A4F /* AppDelegate.m */ = {isa = PBXFileReference; lastKnownFileType = sourcecode.c.objc; path = AppDelegate.m; sourceTree = "<group>"; };
		3701BDE61D6D3B1400606A4F /* ViewController.h */ = {isa = PBXFileReference; lastKnownFileType = sourcecode.c.h; path = ViewController.h; sourceTree = "<group>"; };
		3701BDE71D6D3B1400606A4F /* ViewController.m */ = {isa = PBXFileReference; lastKnownFileType = sourcecode.c.objc; path = ViewController.m; sourceTree = "<group>"; };
		3701BDEA1D6D3B1400606A4F /* Base */ = {isa = PBXFileReference; lastKnownFileType = file.storyboard; name = Base; path = Base.lproj/Main.storyboard; sourceTree = "<group>"; };
		3701BDEC1D6D3B1400606A4F /* Assets.xcassets */ = {isa = PBXFileReference; lastKnownFileType = folder.assetcatalog; path = Assets.xcassets; sourceTree = "<group>"; };
		3701BDEF1D6D3B1400606A4F /* Base */ = {isa = PBXFileReference; lastKnownFileType = file.storyboard; name = Base; path = Base.lproj/LaunchScreen.storyboard; sourceTree = "<group>"; };
		3701BDF11D6D3B1400606A4F /* Info.plist */ = {isa = PBXFileReference; lastKnownFileType = text.plist.xml; path = Info.plist; sourceTree = "<group>"; };
		3701BDF71D6D3B3300606A4F /* YHKeyBoardView.h */ = {isa = PBXFileReference; fileEncoding = 4; lastKnownFileType = sourcecode.c.h; path = YHKeyBoardView.h; sourceTree = "<group>"; };
		3701BDF81D6D3B3300606A4F /* YHKeyBoardView.m */ = {isa = PBXFileReference; fileEncoding = 4; lastKnownFileType = sourcecode.c.objc; path = YHKeyBoardView.m; sourceTree = "<group>"; };
		370CE5A01E9B6E4300AC076F /* PrefixHeader.pch */ = {isa = PBXFileReference; fileEncoding = 4; lastKnownFileType = sourcecode.c.h; path = PrefixHeader.pch; sourceTree = "<group>"; };
		459C3273268C29146B801D1A /* libPods-YHKeyboard.a */ = {isa = PBXFileReference; explicitFileType = archive.ar; includeInIndex = 0; path = "libPods-YHKeyboard.a"; sourceTree = BUILT_PRODUCTS_DIR; };
		974A95BA3CB8A9DCAE606ECE /* Pods-YHKeyboard.debug.xcconfig */ = {isa = PBXFileReference; includeInIndex = 1; lastKnownFileType = text.xcconfig; name = "Pods-YHKeyboard.debug.xcconfig"; path = "Pods/Target Support Files/Pods-YHKeyboard/Pods-YHKeyboard.debug.xcconfig"; sourceTree = "<group>"; };
		F74BEAA700FC18AA8ABB07AD /* Pods-YHKeyboard.release.xcconfig */ = {isa = PBXFileReference; includeInIndex = 1; lastKnownFileType = text.xcconfig; name = "Pods-YHKeyboard.release.xcconfig"; path = "Pods/Target Support Files/Pods-YHKeyboard/Pods-YHKeyboard.release.xcconfig"; sourceTree = "<group>"; };
/* End PBXFileReference section */

/* Begin PBXFrameworksBuildPhase section */
		3701BDDA1D6D3B1400606A4F /* Frameworks */ = {
			isa = PBXFrameworksBuildPhase;
			buildActionMask = 2147483647;
			files = (
				95754C1216BAA37EDF90F98F /* libPods-YHKeyboard.a in Frameworks */,
			);
			runOnlyForDeploymentPostprocessing = 0;
		};
/* End PBXFrameworksBuildPhase section */

/* Begin PBXGroup section */
		3701BDD41D6D3B1300606A4F = {
			isa = PBXGroup;
			children = (
				3701BDDF1D6D3B1400606A4F /* YHKeyboard */,
				3701BDDE1D6D3B1400606A4F /* Products */,
				524D0CB02F45FA5EBECB7F08 /* Pods */,
				5DCB1C06043B5F245B88EC5F /* Frameworks */,
			);
			sourceTree = "<group>";
		};
		3701BDDE1D6D3B1400606A4F /* Products */ = {
			isa = PBXGroup;
			children = (
				3701BDDD1D6D3B1400606A4F /* YHKeyboard.app */,
			);
			name = Products;
			sourceTree = "<group>";
		};
		3701BDDF1D6D3B1400606A4F /* YHKeyboard */ = {
			isa = PBXGroup;
			children = (
				3701BDE31D6D3B1400606A4F /* AppDelegate.h */,
				3701BDE41D6D3B1400606A4F /* AppDelegate.m */,
				3701BDE61D6D3B1400606A4F /* ViewController.h */,
				3701BDE71D6D3B1400606A4F /* ViewController.m */,
				3701BDF71D6D3B3300606A4F /* YHKeyBoardView.h */,
				3701BDF81D6D3B3300606A4F /* YHKeyBoardView.m */,
				370CE5A01E9B6E4300AC076F /* PrefixHeader.pch */,
				3701BDE91D6D3B1400606A4F /* Main.storyboard */,
				3701BDEC1D6D3B1400606A4F /* Assets.xcassets */,
				3701BDEE1D6D3B1400606A4F /* LaunchScreen.storyboard */,
				3701BDF11D6D3B1400606A4F /* Info.plist */,
				3701BDE01D6D3B1400606A4F /* Supporting Files */,
			);
			path = YHKeyboard;
			sourceTree = "<group>";
		};
		3701BDE01D6D3B1400606A4F /* Supporting Files */ = {
			isa = PBXGroup;
			children = (
				3701BDE11D6D3B1400606A4F /* main.m */,
			);
			name = "Supporting Files";
			sourceTree = "<group>";
		};
		524D0CB02F45FA5EBECB7F08 /* Pods */ = {
			isa = PBXGroup;
			children = (
				974A95BA3CB8A9DCAE606ECE /* Pods-YHKeyboard.debug.xcconfig */,
				F74BEAA700FC18AA8ABB07AD /* Pods-YHKeyboard.release.xcconfig */,
			);
			name = Pods;
			sourceTree = "<group>";
		};
		5DCB1C06043B5F245B88EC5F /* Frameworks */ = {
			isa = PBXGroup;
			children = (
				459C3273268C29146B801D1A /* libPods-YHKeyboard.a */,
			);
			name = Frameworks;
			sourceTree = "<group>";
		};
/* End PBXGroup section */

/* Begin PBXNativeTarget section */
		3701BDDC1D6D3B1400606A4F /* YHKeyboard */ = {
			isa = PBXNativeTarget;
			buildConfigurationList = 3701BDF41D6D3B1400606A4F /* Build configuration list for PBXNativeTarget "YHKeyboard" */;
			buildPhases = (
				C72C1B8A7AE5EB22E1419557 /* [CP] Check Pods Manifest.lock */,
				3701BDD91D6D3B1400606A4F /* Sources */,
				3701BDDA1D6D3B1400606A4F /* Frameworks */,
				3701BDDB1D6D3B1400606A4F /* Resources */,
				D3525C2B74183DAC6D1B5996 /* [CP] Embed Pods Frameworks */,
				6CB56D47D4D4AB4F151B8D07 /* [CP] Copy Pods Resources */,
			);
			buildRules = (
			);
			dependencies = (
			);
			name = YHKeyboard;
			productName = YHKeyboard;
			productReference = 3701BDDD1D6D3B1400606A4F /* YHKeyboard.app */;
			productType = "com.apple.product-type.application";
		};
/* End PBXNativeTarget section */

/* Begin PBXProject section */
		3701BDD51D6D3B1300606A4F /* Project object */ = {
			isa = PBXProject;
			attributes = {
				LastUpgradeCheck = 0720;
				ORGANIZATIONNAME = Pinksnow;
				TargetAttributes = {
					3701BDDC1D6D3B1400606A4F = {
						CreatedOnToolsVersion = 7.2.1;
					};
				};
			};
			buildConfigurationList = 3701BDD81D6D3B1300606A4F /* Build configuration list for PBXProject "YHKeyboard" */;
			compatibilityVersion = "Xcode 3.2";
			developmentRegion = English;
			hasScannedForEncodings = 0;
			knownRegions = (
				en,
				Base,
			);
			mainGroup = 3701BDD41D6D3B1300606A4F;
			productRefGroup = 3701BDDE1D6D3B1400606A4F /* Products */;
			projectDirPath = "";
			projectRoot = "";
			targets = (
				3701BDDC1D6D3B1400606A4F /* YHKeyboard */,
			);
		};
/* End PBXProject section */

/* Begin PBXResourcesBuildPhase section */
		3701BDDB1D6D3B1400606A4F /* Resources */ = {
			isa = PBXResourcesBuildPhase;
			buildActionMask = 2147483647;
			files = (
				3701BDF01D6D3B1400606A4F /* LaunchScreen.storyboard in Resources */,
				3701BDED1D6D3B1400606A4F /* Assets.xcassets in Resources */,
				3701BDEB1D6D3B1400606A4F /* Main.storyboard in Resources */,
			);
			runOnlyForDeploymentPostprocessing = 0;
		};
/* End PBXResourcesBuildPhase section */

/* Begin PBXShellScriptBuildPhase section */
		6CB56D47D4D4AB4F151B8D07 /* [CP] Copy Pods Resources */ = {
			isa = PBXShellScriptBuildPhase;
			buildActionMask = 2147483647;
			files = (
			);
			inputPaths = (
			);
			name = "[CP] Copy Pods Resources";
			outputPaths = (
			);
			runOnlyForDeploymentPostprocessing = 0;
			shellPath = /bin/sh;
			shellScript = "\"${SRCROOT}/Pods/Target Support Files/Pods-YHKeyboard/Pods-YHKeyboard-resources.sh\"\n";
			showEnvVarsInLog = 0;
		};
		C72C1B8A7AE5EB22E1419557 /* [CP] Check Pods Manifest.lock */ = {
			isa = PBXShellScriptBuildPhase;
			buildActionMask = 2147483647;
			files = (
			);
			inputPaths = (
			);
			name = "[CP] Check Pods Manifest.lock";
			outputPaths = (
			);
			runOnlyForDeploymentPostprocessing = 0;
			shellPath = /bin/sh;
			shellScript = "diff \"${PODS_ROOT}/../Podfile.lock\" \"${PODS_ROOT}/Manifest.lock\" > /dev/null\nif [[ $? != 0 ]] ; then\n    cat << EOM\nerror: The sandbox is not in sync with the Podfile.lock. Run 'pod install' or update your CocoaPods installation.\nEOM\n    exit 1\nfi\n";
			showEnvVarsInLog = 0;
		};
		D3525C2B74183DAC6D1B5996 /* [CP] Embed Pods Frameworks */ = {
			isa = PBXShellScriptBuildPhase;
			buildActionMask = 2147483647;
			files = (
			);
			inputPaths = (
			);
			name = "[CP] Embed Pods Frameworks";
			outputPaths = (
			);
			runOnlyForDeploymentPostprocessing = 0;
			shellPath = /bin/sh;
			shellScript = "\"${SRCROOT}/Pods/Target Support Files/Pods-YHKeyboard/Pods-YHKeyboard-frameworks.sh\"\n";
			showEnvVarsInLog = 0;
		};
/* End PBXShellScriptBuildPhase section */

/* Begin PBXSourcesBuildPhase section */
		3701BDD91D6D3B1400606A4F /* Sources */ = {
			isa = PBXSourcesBuildPhase;
			buildActionMask = 2147483647;
			files = (
				3701BDF91D6D3B3300606A4F /* YHKeyBoardView.m in Sources */,
				3701BDE81D6D3B1400606A4F /* ViewController.m in Sources */,
				3701BDE51D6D3B1400606A4F /* AppDelegate.m in Sources */,
				3701BDE21D6D3B1400606A4F /* main.m in Sources */,
			);
			runOnlyForDeploymentPostprocessing = 0;
		};
/* End PBXSourcesBuildPhase section */

/* Begin PBXVariantGroup section */
		3701BDE91D6D3B1400606A4F /* Main.storyboard */ = {
			isa = PBXVariantGroup;
			children = (
				3701BDEA1D6D3B1400606A4F /* Base */,
			);
			name = Main.storyboard;
			sourceTree = "<group>";
		};
		3701BDEE1D6D3B1400606A4F /* LaunchScreen.storyboard */ = {
			isa = PBXVariantGroup;
			children = (
				3701BDEF1D6D3B1400606A4F /* Base */,
			);
			name = LaunchScreen.storyboard;
			sourceTree = "<group>";
		};
/* End PBXVariantGroup section */

/* Begin XCBuildConfiguration section */
		3701BDF21D6D3B1400606A4F /* Debug */ = {
			isa = XCBuildConfiguration;
			buildSettings = {
				ALWAYS_SEARCH_USER_PATHS = NO;
				CLANG_CXX_LANGUAGE_STANDARD = "gnu++0x";
				CLANG_CXX_LIBRARY = "libc++";
				CLANG_ENABLE_MODULES = YES;
				CLANG_ENABLE_OBJC_ARC = YES;
				CLANG_WARN_BOOL_CONVERSION = YES;
				CLANG_WARN_CONSTANT_CONVERSION = YES;
				CLANG_WARN_DIRECT_OBJC_ISA_USAGE = YES_ERROR;
				CLANG_WARN_EMPTY_BODY = YES;
				CLANG_WARN_ENUM_CONVERSION = YES;
				CLANG_WARN_INT_CONVERSION = YES;
				CLANG_WARN_OBJC_ROOT_CLASS = YES_ERROR;
				CLANG_WARN_UNREACHABLE_CODE = YES;
				CLANG_WARN__DUPLICATE_METHOD_MATCH = YES;
				"CODE_SIGN_IDENTITY[sdk=iphoneos*]" = "iPhone Developer";
				COPY_PHASE_STRIP = NO;
				DEBUG_INFORMATION_FORMAT = dwarf;
				ENABLE_STRICT_OBJC_MSGSEND = YES;
				ENABLE_TESTABILITY = YES;
				GCC_C_LANGUAGE_STANDARD = gnu99;
				GCC_DYNAMIC_NO_PIC = NO;
				GCC_NO_COMMON_BLOCKS = YES;
				GCC_OPTIMIZATION_LEVEL = 0;
				GCC_PREPROCESSOR_DEFINITIONS = (
					"DEBUG=1",
					"$(inherited)",
				);
				GCC_WARN_64_TO_32_BIT_CONVERSION = YES;
				GCC_WARN_ABOUT_RETURN_TYPE = YES_ERROR;
				GCC_WARN_UNDECLARED_SELECTOR = YES;
				GCC_WARN_UNINITIALIZED_AUTOS = YES_AGGRESSIVE;
				GCC_WARN_UNUSED_FUNCTION = YES;
				GCC_WARN_UNUSED_VARIABLE = YES;
				IPHONEOS_DEPLOYMENT_TARGET = 8.0;
				MTL_ENABLE_DEBUG_INFO = YES;
				ONLY_ACTIVE_ARCH = YES;
				SDKROOT = iphoneos;
			};
			name = Debug;
		};
		3701BDF31D6D3B1400606A4F /* Release */ = {
			isa = XCBuildConfiguration;
			buildSettings = {
				ALWAYS_SEARCH_USER_PATHS = NO;
				CLANG_CXX_LANGUAGE_STANDARD = "gnu++0x";
				CLANG_CXX_LIBRARY = "libc++";
				CLANG_ENABLE_MODULES = YES;
				CLANG_ENABLE_OBJC_ARC = YES;
				CLANG_WARN_BOOL_CONVERSION = YES;
				CLANG_WARN_CONSTANT_CONVERSION = YES;
				CLANG_WARN_DIRECT_OBJC_ISA_USAGE = YES_ERROR;
				CLANG_WARN_EMPTY_BODY = YES;
				CLANG_WARN_ENUM_CONVERSION = YES;
				CLANG_WARN_INT_CONVERSION = YES;
				CLANG_WARN_OBJC_ROOT_CLASS = YES_ERROR;
				CLANG_WARN_UNREACHABLE_CODE = YES;
				CLANG_WARN__DUPLICATE_METHOD_MATCH = YES;
				"CODE_SIGN_IDENTITY[sdk=iphoneos*]" = "iPhone Developer";
				COPY_PHASE_STRIP = NO;
				DEBUG_INFORMATION_FORMAT = "dwarf-with-dsym";
				ENABLE_NS_ASSERTIONS = NO;
				ENABLE_STRICT_OBJC_MSGSEND = YES;
				GCC_C_LANGUAGE_STANDARD = gnu99;
				GCC_NO_COMMON_BLOCKS = YES;
				GCC_WARN_64_TO_32_BIT_CONVERSION = YES;
				GCC_WARN_ABOUT_RETURN_TYPE = YES_ERROR;
				GCC_WARN_UNDECLARED_SELECTOR = YES;
				GCC_WARN_UNINITIALIZED_AUTOS = YES_AGGRESSIVE;
				GCC_WARN_UNUSED_FUNCTION = YES;
				GCC_WARN_UNUSED_VARIABLE = YES;
				IPHONEOS_DEPLOYMENT_TARGET = 8.0;
				MTL_ENABLE_DEBUG_INFO = NO;
				SDKROOT = iphoneos;
				VALIDATE_PRODUCT = YES;
			};
			name = Release;
		};
		3701BDF51D6D3B1400606A4F /* Debug */ = {
			isa = XCBuildConfiguration;
			baseConfigurationReference = 974A95BA3CB8A9DCAE606ECE /* Pods-YHKeyboard.debug.xcconfig */;
			buildSettings = {
				ASSETCATALOG_COMPILER_APPICON_NAME = AppIcon;
				FRAMEWORK_SEARCH_PATHS = (
					"$(inherited)",
					"$(SDKROOT)$(SYSTEM_LIBRARY_DIR)/PrivateFrameworks",
					"$(PROJECT_DIR)/YHKeyboard",
				);
				GCC_PREFIX_HEADER = "$(SRCROOT)/YHKeyboard/PrefixHeader.pch";
				INFOPLIST_FILE = YHKeyboard/Info.plist;
				IPHONEOS_DEPLOYMENT_TARGET = 8.0;
				LD_RUNPATH_SEARCH_PATHS = "$(inherited) @executable_path/Frameworks";
				PRODUCT_BUNDLE_IDENTIFIER = com.pink.YHKeyboard;
				PRODUCT_NAME = "$(TARGET_NAME)";
			};
			name = Debug;
		};
		3701BDF61D6D3B1400606A4F /* Release */ = {
			isa = XCBuildConfiguration;
			baseConfigurationReference = F74BEAA700FC18AA8ABB07AD /* Pods-YHKeyboard.release.xcconfig */;
			buildSettings = {
				ASSETCATALOG_COMPILER_APPICON_NAME = AppIcon;
				FRAMEWORK_SEARCH_PATHS = (
					"$(inherited)",
					"$(SDKROOT)$(SYSTEM_LIBRARY_DIR)/PrivateFrameworks",
					"$(PROJECT_DIR)/YHKeyboard",
				);
				GCC_PREFIX_HEADER = "$(SRCROOT)/YHKeyboard/PrefixHeader.pch";
				INFOPLIST_FILE = YHKeyboard/Info.plist;
				IPHONEOS_DEPLOYMENT_TARGET = 8.0;
				LD_RUNPATH_SEARCH_PATHS = "$(inherited) @executable_path/Frameworks";
				PRODUCT_BUNDLE_IDENTIFIER = com.pink.YHKeyboard;
				PRODUCT_NAME = "$(TARGET_NAME)";
			};
			name = Release;
		};
/* End XCBuildConfiguration section */

/* Begin XCConfigurationList section */
		3701BDD81D6D3B1300606A4F /* Build configuration list for PBXProject "YHKeyboard" */ = {
			isa = XCConfigurationList;
			buildConfigurations = (
				3701BDF21D6D3B1400606A4F /* Debug */,
				3701BDF31D6D3B1400606A4F /* Release */,
			);
			defaultConfigurationIsVisible = 0;
			defaultConfigurationName = Release;
		};
		3701BDF41D6D3B1400606A4F /* Build configuration list for PBXNativeTarget "YHKeyboard" */ = {
			isa = XCConfigurationList;
			buildConfigurations = (
				3701BDF51D6D3B1400606A4F /* Debug */,
				3701BDF61D6D3B1400606A4F /* Release */,
			);
			defaultConfigurationIsVisible = 0;
			defaultConfigurationName = Release;
		};
/* End XCConfigurationList section */
	};
	rootObject = 3701BDD51D6D3B1300606A4F /* Project object */;
}
